
Microsoft Visual Studio Solution File, Format Version 12.00
# Visual Studio Version 16
VisualStudioVersion = 16.0.34031.81
MinimumVisualStudioVersion = 10.0.40219.1
Project("{C9674DCB-5085-4A16-B785-4C70DD1589BD}") = "create_ssis_provisorio", "create_ssis_provisorio.dtproj", "{3BE6F708-29AA-4362-84CC-79DD0CED04BE}"
EndProject
Global
	GlobalSection(SolutionConfigurationPlatforms) = preSolution
		Development|Default = Development|Default
	EndGlobalSection
	GlobalSection(ProjectConfigurationPlatforms) = postSolution
		{3BE6F708-29AA-4362-84CC-79DD0CED04BE}.Development|Default.ActiveCfg = Development
		{3BE6F708-29AA-4362-84CC-79DD0CED04BE}.Development|Default.Build.0 = Development
	EndGlobalSection
	GlobalSection(SolutionProperties) = preSolution
		HideSolutionNode = FALSE
	EndGlobalSection
	GlobalSection(ExtensibilityGlobals) = postSolution
		SolutionGuid = {08927914-3056-4AA1-9566-DAAA5FBAD6CB}
	EndGlobalSection
EndGlobal
